<?xml version="1.0" encoding="utf-8"?>
<Project ToolsVersion="4.0" xmlns="http://schemas.microsoft.com/developer/msbuild/2003">
  <ItemGroup>
    <Filter Include="源文件">
      <UniqueIdentifier>{4FC737F1-C7A5-4376-A066-2A32D752A2FF}</UniqueIdentifier>
      <Extensions>cpp;c;cc;cxx;c++;cppm;ixx;def;odl;idl;hpj;bat;asm;asmx</Extensions>
    </Filter>
    <Filter Include="头文件">
      <UniqueIdentifier>{93995380-89BD-4b04-88EB-625FBE52EBFB}</UniqueIdentifier>
      <Extensions>h;hh;hpp;hxx;h++;hm;inl;inc;ipp;xsd</Extensions>
    </Filter>
    <Filter Include="资源文件">
      <UniqueIdentifier>{67DA6AB6-F800-4c08-8B7A-83BB121AAD01}</UniqueIdentifier>
      <Extensions>rc;ico;cur;bmp;dlg;rc2;rct;bin;rgs;gif;jpg;jpeg;jpe;resx;tiff;tif;png;wav;mfcribbon-ms</Extensions>
    </Filter>
  </ItemGroup>
  <ItemGroup>
    <None Include=".gitignore">
      <Filter>源文件</Filter>
    </None>
    <None Include="3dgs_pc.ply">
      <Filter>源文件</Filter>
    </None>
    <None Include="camera_handler.py">
      <Filter>源文件</Filter>
    </None>
    <None Include="cmd.md">
      <Filter>源文件</Filter>
    </None>
    <None Include="gauss_dataloader.py">
      <Filter>源文件</Filter>
    </None>
    <None Include="gauss_handler.py">
      <Filter>源文件</Filter>
    </None>
    <None Include="gauss_render.py">
      <Filter>源文件</Filter>
    </None>
    <None Include="gauss_to_pc.py">
      <Filter>源文件</Filter>
    </None>
    <None Include="LICENSE">
      <Filter>源文件</Filter>
    </None>
    <None Include="mask_dataloader.py">
      <Filter>源文件</Filter>
    </None>
    <None Include="mesh_handler.py">
      <Filter>源文件</Filter>
    </None>
    <None Include="MIGRATION_PLAN_NO_TORCH_LFS_STYLE.md">
      <Filter>源文件</Filter>
    </None>
    <None Include="point_cloud.ply">
      <Filter>源文件</Filter>
    </None>
    <None Include="README.md">
      <Filter>源文件</Filter>
    </None>
    <None Include="transform_dataloader.py">
      <Filter>源文件</Filter>
    </None>
  </ItemGroup>
</Project>